
Microsoft Visual Studio Solution File, Format Version 12.00
# Visual Studio Version 16
VisualStudioVersion = 16.0.28809.33
MinimumVisualStudioVersion = 10.0.40219.1
Project("{FAE04EC0-301F-11D3-BF4B-00C04F79EFBC}") = "FishSurvey", "FishSurvey\FishSurvey.csproj", "{6FDD5EDE-894E-4D2C-B36B-58D3BCEF3852}"
EndProject
Global
	GlobalSection(SolutionConfigurationPlatforms) = preSolution
		Debug|Any CPU = Debug|Any CPU
		Release|Any CPU = Release|Any CPU
	EndGlobalSection
	GlobalSection(ProjectConfigurationPlatforms) = postSolution
		{6FDD5EDE-894E-4D2C-B36B-58D3BCEF3852}.Debug|Any CPU.ActiveCfg = Debug|Any CPU
		{6FDD5EDE-894E-4D2C-B36B-58D3BCEF3852}.Debug|Any CPU.Build.0 = Debug|Any CPU
		{6FDD5EDE-894E-4D2C-B36B-58D3BCEF3852}.Release|Any CPU.ActiveCfg = Release|Any CPU
		{6FDD5EDE-894E-4D2C-B36B-58D3BCEF3852}.Release|Any CPU.Build.0 = Release|Any CPU
	EndGlobalSection
	GlobalSection(SolutionProperties) = preSolution
		HideSolutionNode = FALSE
	EndGlobalSection
	GlobalSection(ExtensibilityGlobals) = postSolution
		SolutionGuid = {86497E40-501D-45CE-8196-DB9B3ECB066F}
	EndGlobalSection
EndGlobal
